
Microsoft Visual Studio Solution File, Format Version 12.00
# Visual Studio Version 16
VisualStudioVersion = 16.0.31112.23
MinimumVisualStudioVersion = 10.0.40219.1
Project("{FAE04EC0-301F-11D3-BF4B-00C04F79EFBC}") = "BulkyBook", "BulkyBook\BulkyBook.csproj", "{9FFC3C31-5850-4AF0-BF1D-C2F29F7A57D4}"
EndProject
Global
	GlobalSection(SolutionConfigurationPlatforms) = preSolution
		Debug|Any CPU = Debug|Any CPU
		Release|Any CPU = Release|Any CPU
	EndGlobalSection
	GlobalSection(ProjectConfigurationPlatforms) = postSolution
		{9FFC3C31-5850-4AF0-BF1D-C2F29F7A57D4}.Debug|Any CPU.ActiveCfg = Debug|Any CPU
		{9FFC3C31-5850-4AF0-BF1D-C2F29F7A57D4}.Debug|Any CPU.Build.0 = Debug|Any CPU
		{9FFC3C31-5850-4AF0-BF1D-C2F29F7A57D4}.Release|Any CPU.ActiveCfg = Release|Any CPU
		{9FFC3C31-5850-4AF0-BF1D-C2F29F7A57D4}.Release|Any CPU.Build.0 = Release|Any CPU
	EndGlobalSection
	GlobalSection(SolutionProperties) = preSolution
		HideSolutionNode = FALSE
	EndGlobalSection
	GlobalSection(ExtensibilityGlobals) = postSolution
		SolutionGuid = {CFCD6D22-3BC3-4040-BAE5-69B99BD12854}
	EndGlobalSection
EndGlobal
